
Microsoft Visual Studio Solution File, Format Version 12.00
# Visual Studio 15
VisualStudioVersion = 15.0.28010.2036
MinimumVisualStudioVersion = 10.0.40219.1
Project("{FAE04EC0-301F-11D3-BF4B-00C04F79EFBC}") = "lab6_video", "lab6_video\lab6_video.csproj", "{D158D37E-8074-4790-89EC-A92E27373D64}"
EndProject
Global
	GlobalSection(SolutionConfigurationPlatforms) = preSolution
		Debug|Any CPU = Debug|Any CPU
		Release|Any CPU = Release|Any CPU
	EndGlobalSection
	GlobalSection(ProjectConfigurationPlatforms) = postSolution
		{D158D37E-8074-4790-89EC-A92E27373D64}.Debug|Any CPU.ActiveCfg = Debug|Any CPU
		{D158D37E-8074-4790-89EC-A92E27373D64}.Debug|Any CPU.Build.0 = Debug|Any CPU
		{D158D37E-8074-4790-89EC-A92E27373D64}.Release|Any CPU.ActiveCfg = Release|Any CPU
		{D158D37E-8074-4790-89EC-A92E27373D64}.Release|Any CPU.Build.0 = Release|Any CPU
	EndGlobalSection
	GlobalSection(SolutionProperties) = preSolution
		HideSolutionNode = FALSE
	EndGlobalSection
	GlobalSection(ExtensibilityGlobals) = postSolution
		SolutionGuid = {698250E3-6361-450A-A899-F20B59FC6CCD}
	EndGlobalSection
EndGlobal
